<?xml version="1.0" encoding="UTF-8" standalone="yes" ?>
<CodeBlocks_project_file>
	<FileVersion major="1" minor="6" />
	<Project>
		<Option title="iPod_Recovery" />
		<Option pch_mode="2" />
		<Option compiler="gcc" />
		<Build>
			<Target title="Debug">
				<Option output="bin\Debug\iPod_Recovery" prefix_auto="1" extension_auto="1" />
				<Option object_output="obj\Debug\" />
				<Option type="0" />
				<Option compiler="gcc" />
				<Compiler>
					<Add option="-g" />
					<Add directory="C:\msys\1.0\local\include\glib-2.0" />
					<Add directory="C:\mingw\lib\glib-2.0\include" />
				</Compiler>
				<Linker>
					<Add library="..\..\libgpod.dll" />
					<Add library="..\..\tungsten.dll" />
				</Linker>
			</Target>
			<Target title="Release">
				<Option output="bin\Release\iPod_Recovery" prefix_auto="1" extension_auto="1" />
				<Option object_output="obj\Release\" />
				<Option type="0" />
				<Option compiler="gcc" />
				<Compiler>
					<Add option="-O2" />
					<Add directory="C:\mingw - Copy\include\glib-2.0" />
					<Add directory="C:\mingw - Copy\lib\glib-2.0\include" />
				</Compiler>
				<Linker>
					<Add option="-s" />
				</Linker>
			</Target>
		</Build>
		<Compiler>
			<Add option="-Wall" />
			<Add directory="D:\Libs\C\libgpod" />
		</Compiler>
		<Linker>
			<Add library="gdi32" />
			<Add library="user32" />
			<Add library="kernel32" />
			<Add library="Comdlg32" />
			<Add library="comctl32" />
		</Linker>
		<Unit filename="..\..\Dialogs.cpp" />
		<Unit filename="..\..\Dialogs.h" />
		<Unit filename="..\..\iTunesMobileDevice.h" />
		<Unit filename="..\..\iphone.cpp" />
		<Unit filename="..\..\iphone.h" />
		<Unit filename="..\..\listview.cpp" />
		<Unit filename="..\..\listview.h" />
		<Unit filename="..\..\main.cpp" />
		<Unit filename="..\..\resource.h" />
		<Unit filename="..\..\resource.rc">
			<Option compilerVar="WINDRES" />
		</Unit>
		<Unit filename="..\..\resource2.h" />
		<Unit filename="..\..\songlist.cpp" />
		<Unit filename="..\..\songlist.h" />
		<Unit filename="..\..\tungsten.h" />
		<Unit filename="..\..\util.cpp" />
		<Unit filename="..\..\util.h" />
		<Extensions>
			<code_completion />
			<debugger />
		</Extensions>
	</Project>
</CodeBlocks_project_file>
